
Microsoft Visual Studio Solution File, Format Version 12.00
# Visual Studio Version 16
VisualStudioVersion = 16.0.31829.152
MinimumVisualStudioVersion = 10.0.40219.1
Project("{FAE04EC0-301F-11D3-BF4B-00C04F79EFBC}") = "Lab20_Labovkin", "Lab20_Labovkin\Lab20_Labovkin.csproj", "{2AAAF27A-00C7-41F6-8349-563711679FEF}"
EndProject
Global
	GlobalSection(SolutionConfigurationPlatforms) = preSolution
		Debug|Any CPU = Debug|Any CPU
		Release|Any CPU = Release|Any CPU
	EndGlobalSection
	GlobalSection(ProjectConfigurationPlatforms) = postSolution
		{2AAAF27A-00C7-41F6-8349-563711679FEF}.Debug|Any CPU.ActiveCfg = Debug|Any CPU
		{2AAAF27A-00C7-41F6-8349-563711679FEF}.Debug|Any CPU.Build.0 = Debug|Any CPU
		{2AAAF27A-00C7-41F6-8349-563711679FEF}.Release|Any CPU.ActiveCfg = Release|Any CPU
		{2AAAF27A-00C7-41F6-8349-563711679FEF}.Release|Any CPU.Build.0 = Release|Any CPU
	EndGlobalSection
	GlobalSection(SolutionProperties) = preSolution
		HideSolutionNode = FALSE
	EndGlobalSection
	GlobalSection(ExtensibilityGlobals) = postSolution
		SolutionGuid = {76D27359-143A-4387-BED0-188998E33E9A}
	EndGlobalSection
EndGlobal
